
Microsoft Visual Studio Solution File, Format Version 12.00
# Visual Studio Version 17
VisualStudioVersion = 17.11.35312.102
MinimumVisualStudioVersion = 10.0.40219.1
Project("{FAE04EC0-301F-11D3-BF4B-00C04F79EFBC}") = "ConsoleApp2", "ConsoleApp2\ConsoleApp2.csproj", "{4C387160-A124-47D8-948C-9700099C9A66}"
EndProject
Project("{FAE04EC0-301F-11D3-BF4B-00C04F79EFBC}") = "ConsoleApp1", "ConsoleApp1\ConsoleApp1.csproj", "{48C790CE-E73F-4A08-846C-E9528F50F97B}"
EndProject
Project("{FAE04EC0-301F-11D3-BF4B-00C04F79EFBC}") = "ConsoleApp3", "ConsoleApp3\ConsoleApp3.csproj", "{3445512A-E0A5-43EF-9BE1-C9E6B0C4EE20}"
EndProject
Project("{FAE04EC0-301F-11D3-BF4B-00C04F79EFBC}") = "ConsoleApp4", "ConsoleApp4\ConsoleApp4.csproj", "{83C25E2F-0FFB-40D2-A9A8-C75AD37BB3AB}"
EndProject
Global
	GlobalSection(SolutionConfigurationPlatforms) = preSolution
		Debug|Any CPU = Debug|Any CPU
		Release|Any CPU = Release|Any CPU
	EndGlobalSection
	GlobalSection(ProjectConfigurationPlatforms) = postSolution
		{4C387160-A124-47D8-948C-9700099C9A66}.Debug|Any CPU.ActiveCfg = Debug|Any CPU
		{4C387160-A124-47D8-948C-9700099C9A66}.Debug|Any CPU.Build.0 = Debug|Any CPU
		{4C387160-A124-47D8-948C-9700099C9A66}.Release|Any CPU.ActiveCfg = Release|Any CPU
		{4C387160-A124-47D8-948C-9700099C9A66}.Release|Any CPU.Build.0 = Release|Any CPU
		{48C790CE-E73F-4A08-846C-E9528F50F97B}.Debug|Any CPU.ActiveCfg = Debug|Any CPU
		{48C790CE-E73F-4A08-846C-E9528F50F97B}.Debug|Any CPU.Build.0 = Debug|Any CPU
		{48C790CE-E73F-4A08-846C-E9528F50F97B}.Release|Any CPU.ActiveCfg = Release|Any CPU
		{48C790CE-E73F-4A08-846C-E9528F50F97B}.Release|Any CPU.Build.0 = Release|Any CPU
		{3445512A-E0A5-43EF-9BE1-C9E6B0C4EE20}.Debug|Any CPU.ActiveCfg = Debug|Any CPU
		{3445512A-E0A5-43EF-9BE1-C9E6B0C4EE20}.Debug|Any CPU.Build.0 = Debug|Any CPU
		{3445512A-E0A5-43EF-9BE1-C9E6B0C4EE20}.Release|Any CPU.ActiveCfg = Release|Any CPU
		{3445512A-E0A5-43EF-9BE1-C9E6B0C4EE20}.Release|Any CPU.Build.0 = Release|Any CPU
		{83C25E2F-0FFB-40D2-A9A8-C75AD37BB3AB}.Debug|Any CPU.ActiveCfg = Debug|Any CPU
		{83C25E2F-0FFB-40D2-A9A8-C75AD37BB3AB}.Debug|Any CPU.Build.0 = Debug|Any CPU
		{83C25E2F-0FFB-40D2-A9A8-C75AD37BB3AB}.Release|Any CPU.ActiveCfg = Release|Any CPU
		{83C25E2F-0FFB-40D2-A9A8-C75AD37BB3AB}.Release|Any CPU.Build.0 = Release|Any CPU
	EndGlobalSection
	GlobalSection(SolutionProperties) = preSolution
		HideSolutionNode = FALSE
	EndGlobalSection
	GlobalSection(ExtensibilityGlobals) = postSolution
		SolutionGuid = {E1EC87CB-94D3-48B0-92CB-49BB7D939B7D}
	EndGlobalSection
EndGlobal
